
Microsoft Visual Studio Solution File, Format Version 12.00
# Visual Studio 15
VisualStudioVersion = 15.0.28307.329
MinimumVisualStudioVersion = 10.0.40219.1
Project("{9A19103F-16F7-4668-BE54-9A1E7A4F7556}") = "SportsStore.Web", "SportsStore.Web\SportsStore.Web.csproj", "{ACFFA696-34A7-44F4-8B0B-08F11D6DBB3E}"
EndProject
Project("{FAE04EC0-301F-11D3-BF4B-00C04F79EFBC}") = "SportsStore.Api", "SportsStore.Api\SportsStore.Api.csproj", "{7069ACFC-E48D-4DAE-81C3-1A823EEA17DF}"
EndProject
Project("{2150E333-8FDC-42A3-9474-1A3956D46DE8}") = "src", "src", "{C57DBC31-DCF5-4915-A7C0-D78F1A932D01}"
EndProject
Global
	GlobalSection(SolutionConfigurationPlatforms) = preSolution
		Debug|Any CPU = Debug|Any CPU
		Release|Any CPU = Release|Any CPU
	EndGlobalSection
	GlobalSection(ProjectConfigurationPlatforms) = postSolution
		{ACFFA696-34A7-44F4-8B0B-08F11D6DBB3E}.Debug|Any CPU.ActiveCfg = Debug|Any CPU
		{ACFFA696-34A7-44F4-8B0B-08F11D6DBB3E}.Debug|Any CPU.Build.0 = Debug|Any CPU
		{ACFFA696-34A7-44F4-8B0B-08F11D6DBB3E}.Release|Any CPU.ActiveCfg = Release|Any CPU
		{ACFFA696-34A7-44F4-8B0B-08F11D6DBB3E}.Release|Any CPU.Build.0 = Release|Any CPU
		{7069ACFC-E48D-4DAE-81C3-1A823EEA17DF}.Debug|Any CPU.ActiveCfg = Debug|Any CPU
		{7069ACFC-E48D-4DAE-81C3-1A823EEA17DF}.Debug|Any CPU.Build.0 = Debug|Any CPU
		{7069ACFC-E48D-4DAE-81C3-1A823EEA17DF}.Release|Any CPU.ActiveCfg = Release|Any CPU
		{7069ACFC-E48D-4DAE-81C3-1A823EEA17DF}.Release|Any CPU.Build.0 = Release|Any CPU
	EndGlobalSection
	GlobalSection(SolutionProperties) = preSolution
		HideSolutionNode = FALSE
	EndGlobalSection
	GlobalSection(NestedProjects) = preSolution
		{ACFFA696-34A7-44F4-8B0B-08F11D6DBB3E} = {C57DBC31-DCF5-4915-A7C0-D78F1A932D01}
		{7069ACFC-E48D-4DAE-81C3-1A823EEA17DF} = {C57DBC31-DCF5-4915-A7C0-D78F1A932D01}
	EndGlobalSection
	GlobalSection(ExtensibilityGlobals) = postSolution
		SolutionGuid = {0A5CDFA9-BE49-4ECC-AB02-451CBBDDF986}
	EndGlobalSection
EndGlobal
